
Microsoft Visual Studio Solution File, Format Version 12.00
# Visual Studio Version 17
VisualStudioVersion = 17.6.33723.286
MinimumVisualStudioVersion = 10.0.40219.1
Project("{FAE04EC0-301F-11D3-BF4B-00C04F79EFBC}") = "Stallions.HotelBooking.API", "Stallions.HotelBooking\Stallions.HotelBooking.API.csproj", "{14ED3652-3B64-4C0A-863A-8DF8958D43BC}"
EndProject
Project("{FAE04EC0-301F-11D3-BF4B-00C04F79EFBC}") = "Stallions.HotelBooking.BLL", "Stallions.HotelBooking.BLL\Stallions.HotelBooking.BLL.csproj", "{F0CB2DC9-2136-4690-91FF-76B6FA0F6A1F}"
EndProject
Project("{FAE04EC0-301F-11D3-BF4B-00C04F79EFBC}") = "Stallions.HotelBooking.DAL", "Stallions.HotelBooking.DAL\Stallions.HotelBooking.DAL.csproj", "{5A4E7CEC-3E93-40F9-95C9-46133B60F79E}"
EndProject
Project("{FAE04EC0-301F-11D3-BF4B-00C04F79EFBC}") = "Stallions.HotelBooking.Utils", "Stallions.HotelBooking.Utils\Stallions.HotelBooking.Utils.csproj", "{0115307C-267E-410D-B1C1-2E39F8D87A65}"
EndProject
Global
	GlobalSection(SolutionConfigurationPlatforms) = preSolution
		Debug|Any CPU = Debug|Any CPU
		Release|Any CPU = Release|Any CPU
	EndGlobalSection
	GlobalSection(ProjectConfigurationPlatforms) = postSolution
		{14ED3652-3B64-4C0A-863A-8DF8958D43BC}.Debug|Any CPU.ActiveCfg = Debug|Any CPU
		{14ED3652-3B64-4C0A-863A-8DF8958D43BC}.Debug|Any CPU.Build.0 = Debug|Any CPU
		{14ED3652-3B64-4C0A-863A-8DF8958D43BC}.Release|Any CPU.ActiveCfg = Release|Any CPU
		{14ED3652-3B64-4C0A-863A-8DF8958D43BC}.Release|Any CPU.Build.0 = Release|Any CPU
		{F0CB2DC9-2136-4690-91FF-76B6FA0F6A1F}.Debug|Any CPU.ActiveCfg = Debug|Any CPU
		{F0CB2DC9-2136-4690-91FF-76B6FA0F6A1F}.Debug|Any CPU.Build.0 = Debug|Any CPU
		{F0CB2DC9-2136-4690-91FF-76B6FA0F6A1F}.Release|Any CPU.ActiveCfg = Release|Any CPU
		{F0CB2DC9-2136-4690-91FF-76B6FA0F6A1F}.Release|Any CPU.Build.0 = Release|Any CPU
		{5A4E7CEC-3E93-40F9-95C9-46133B60F79E}.Debug|Any CPU.ActiveCfg = Debug|Any CPU
		{5A4E7CEC-3E93-40F9-95C9-46133B60F79E}.Debug|Any CPU.Build.0 = Debug|Any CPU
		{5A4E7CEC-3E93-40F9-95C9-46133B60F79E}.Release|Any CPU.ActiveCfg = Release|Any CPU
		{5A4E7CEC-3E93-40F9-95C9-46133B60F79E}.Release|Any CPU.Build.0 = Release|Any CPU
		{0115307C-267E-410D-B1C1-2E39F8D87A65}.Debug|Any CPU.ActiveCfg = Debug|Any CPU
		{0115307C-267E-410D-B1C1-2E39F8D87A65}.Debug|Any CPU.Build.0 = Debug|Any CPU
		{0115307C-267E-410D-B1C1-2E39F8D87A65}.Release|Any CPU.ActiveCfg = Release|Any CPU
		{0115307C-267E-410D-B1C1-2E39F8D87A65}.Release|Any CPU.Build.0 = Release|Any CPU
	EndGlobalSection
	GlobalSection(SolutionProperties) = preSolution
		HideSolutionNode = FALSE
	EndGlobalSection
	GlobalSection(ExtensibilityGlobals) = postSolution
		SolutionGuid = {D56C9823-02C1-421A-A5D6-80D18E76EB54}
	EndGlobalSection
EndGlobal
